# This file is generated by running "yarn install" inside your project.
# Manual changes might be lost - proceed with caution!

__metadata:
  version: 8
  cacheKey: 10c0

"@alloc/quick-lru@npm:^5.2.0":
  version: 5.2.0
  resolution: "@alloc/quick-lru@npm:5.2.0"
  checksum: 10c0/7b878c48b9d25277d0e1a9b8b2f2312a314af806b4129dc902f2bc29ab09b58236e53964689feec187b28c80d2203aff03829754773a707a8a5987f1b7682d92
  languageName: node
  linkType: hard

"@auth0/nextjs-auth0@npm:3.5.0":
  version: 3.5.0
  resolution: "@auth0/nextjs-auth0@npm:3.5.0"
  dependencies:
    "@panva/hkdf": "npm:^1.0.2"
    cookie: "npm:^0.6.0"
    debug: "npm:^4.3.4"
    joi: "npm:^17.6.0"
    jose: "npm:^4.9.2"
    oauth4webapi: "npm:^2.3.0"
    openid-client: "npm:^5.2.1"
    tslib: "npm:^2.4.0"
    url-join: "npm:^4.0.1"
  peerDependencies:
    next: ">=10"
  checksum: 10c0/76684b219432c708b61d9287508a165c34c8d20cbea7bd1cfaef9c94e9ca4ff83c82aadb8d09e958291e82fe717eded1020f6ec1724455416a60834acee909c4
  languageName: node
  linkType: hard

"@babel/helper-string-parser@npm:^7.27.1":
  version: 7.27.1
  resolution: "@babel/helper-string-parser@npm:7.27.1"
  checksum: 10c0/8bda3448e07b5583727c103560bcf9c4c24b3c1051a4c516d4050ef69df37bb9a4734a585fe12725b8c2763de0a265aa1e909b485a4e3270b7cfd3e4dbe4b602
  languageName: node
  linkType: hard

"@babel/helper-validator-identifier@npm:^7.28.5":
  version: 7.28.5
  resolution: "@babel/helper-validator-identifier@npm:7.28.5"
  checksum: 10c0/42aaebed91f739a41f3d80b72752d1f95fd7c72394e8e4bd7cdd88817e0774d80a432451bcba17c2c642c257c483bf1d409dd4548883429ea9493a3bc4ab0847
  languageName: node
  linkType: hard

"@babel/types@npm:^7.26.0":
  version: 7.28.5
  resolution: "@babel/types@npm:7.28.5"
  dependencies:
    "@babel/helper-string-parser": "npm:^7.27.1"
    "@babel/helper-validator-identifier": "npm:^7.28.5"
  checksum: 10c0/a5a483d2100befbf125793640dec26b90b95fd233a94c19573325898a5ce1e52cdfa96e495c7dcc31b5eca5b66ce3e6d4a0f5a4a62daec271455959f208ab08a
  languageName: node
  linkType: hard

"@emnapi/core@npm:^1.5.0, @emnapi/core@npm:^1.6.0":
  version: 1.7.0
  resolution: "@emnapi/core@npm:1.7.0"
  dependencies:
    "@emnapi/wasi-threads": "npm:1.1.0"
    tslib: "npm:^2.4.0"
  checksum: 10c0/ea57802079fda31f87506bba63f1299f0fa60546c1a1a424d2d5926f98f1ffc4a94ae3c885155f4a60114c19d314addb45d94dc0e427ac1594cbfca7cd910a31
  languageName: node
  linkType: hard

"@emnapi/runtime@npm:^1.2.0, @emnapi/runtime@npm:^1.5.0, @emnapi/runtime@npm:^1.6.0":
  version: 1.7.0
  resolution: "@emnapi/runtime@npm:1.7.0"
  dependencies:
    tslib: "npm:^2.4.0"
  checksum: 10c0/b99334582effe146e9fb5cd9e7f866c6c7047a8576f642456d56984b574b40b2ba14e4aede26217fcefa1372ddd1e098a19912f17033a9ae469928b0dc65a682
  languageName: node
  linkType: hard

"@emnapi/wasi-threads@npm:1.1.0, @emnapi/wasi-threads@npm:^1.1.0":
  version: 1.1.0
  resolution: "@emnapi/wasi-threads@npm:1.1.0"
  dependencies:
    tslib: "npm:^2.4.0"
  checksum: 10c0/e6d54bf2b1e64cdd83d2916411e44e579b6ae35d5def0dea61a3c452d9921373044dff32a8b8473ae60c80692bdc39323e98b96a3f3d87ba6886b24dd0ef7ca1
  languageName: node
  linkType: hard

"@fortawesome/fontawesome-common-types@npm:7.1.0":
  version: 7.1.0
  resolution: "@fortawesome/fontawesome-common-types@npm:7.1.0"
  checksum: 10c0/8d10a6bfaa33f66fd042fe9f8159926a3e9b12d5cbf31698a88980b0e9b84ebc8c6b4b25e5c865c1d8542a67ed4fa1fadfaabfec250b991f018f2b45aa3b005d
  languageName: node
  linkType: hard

"@fortawesome/fontawesome-svg-core@npm:^7.1.0":
  version: 7.1.0
  resolution: "@fortawesome/fontawesome-svg-core@npm:7.1.0"
  dependencies:
    "@fortawesome/fontawesome-common-types": "npm:7.1.0"
  checksum: 10c0/6c32b78f1a7c269d4c14c457ed0f3d09269f700861524330e54b838693727827be810ded3322099995266d490235321a8f356a6f270dc5bd9ce651fc3c94be26
  languageName: node
  linkType: hard

"@fortawesome/free-solid-svg-icons@npm:^7.1.0":
  version: 7.1.0
  resolution: "@fortawesome/free-solid-svg-icons@npm:7.1.0"
  dependencies:
    "@fortawesome/fontawesome-common-types": "npm:7.1.0"
  checksum: 10c0/0e3129fa9c972be9a897a17329958d7fe0a322fef794ace3589941fa97c41761222a071b50e47e1f3f81a0c398dfca7c5a1d9ed93576f76b91c514e372f6da30
  languageName: node
  linkType: hard

"@fortawesome/react-fontawesome@npm:^3.1.0":
  version: 3.1.0
  resolution: "@fortawesome/react-fontawesome@npm:3.1.0"
  peerDependencies:
    "@fortawesome/fontawesome-svg-core": ~6 || ~7
    react: ^18.0.0 || ^19.0.0
  checksum: 10c0/ee1e005ee4c1dcff95627bb19d4548d16da679349f77cd3f8adf302fcd4944661f3e1d0d917bcccdd70b74d2e6e0f4b85849f72b156a8ffd7c5d7612157f72e8
  languageName: node
  linkType: hard

"@hapi/hoek@npm:^9.0.0, @hapi/hoek@npm:^9.3.0":
  version: 9.3.0
  resolution: "@hapi/hoek@npm:9.3.0"
  checksum: 10c0/a096063805051fb8bba4c947e293c664b05a32b47e13bc654c0dd43813a1cec993bdd8f29ceb838020299e1d0f89f68dc0d62a603c13c9cc8541963f0beca055
  languageName: node
  linkType: hard

"@hapi/topo@npm:^5.1.0":
  version: 5.1.0
  resolution: "@hapi/topo@npm:5.1.0"
  dependencies:
    "@hapi/hoek": "npm:^9.0.0"
  checksum: 10c0/b16b06d9357947149e032bdf10151eb71aea8057c79c4046bf32393cb89d0d0f7ca501c40c0f7534a5ceca078de0700d2257ac855c15e59fe4e00bba2f25c86f
  languageName: node
  linkType: hard

"@img/sharp-darwin-arm64@npm:0.33.5":
  version: 0.33.5
  resolution: "@img/sharp-darwin-arm64@npm:0.33.5"
  dependencies:
    "@img/sharp-libvips-darwin-arm64": "npm:1.0.4"
  dependenciesMeta:
    "@img/sharp-libvips-darwin-arm64":
      optional: true
  conditions: os=darwin & cpu=arm64
  languageName: node
  linkType: hard

"@img/sharp-darwin-x64@npm:0.33.5":
  version: 0.33.5
  resolution: "@img/sharp-darwin-x64@npm:0.33.5"
  dependencies:
    "@img/sharp-libvips-darwin-x64": "npm:1.0.4"
  dependenciesMeta:
    "@img/sharp-libvips-darwin-x64":
      optional: true
  conditions: os=darwin & cpu=x64
  languageName: node
  linkType: hard

"@img/sharp-libvips-darwin-arm64@npm:1.0.4":
  version: 1.0.4
  resolution: "@img/sharp-libvips-darwin-arm64@npm:1.0.4"
  conditions: os=darwin & cpu=arm64
  languageName: node
  linkType: hard

"@img/sharp-libvips-darwin-x64@npm:1.0.4":
  version: 1.0.4
  resolution: "@img/sharp-libvips-darwin-x64@npm:1.0.4"
  conditions: os=darwin & cpu=x64
  languageName: node
  linkType: hard

"@img/sharp-libvips-linux-arm64@npm:1.0.4":
  version: 1.0.4
  resolution: "@img/sharp-libvips-linux-arm64@npm:1.0.4"
  conditions: os=linux & cpu=arm64 & libc=glibc
  languageName: node
  linkType: hard

"@img/sharp-libvips-linux-arm@npm:1.0.5":
  version: 1.0.5
  resolution: "@img/sharp-libvips-linux-arm@npm:1.0.5"
  conditions: os=linux & cpu=arm & libc=glibc
  languageName: node
  linkType: hard

"@img/sharp-libvips-linux-s390x@npm:1.0.4":
  version: 1.0.4
  resolution: "@img/sharp-libvips-linux-s390x@npm:1.0.4"
  conditions: os=linux & cpu=s390x & libc=glibc
  languageName: node
  linkType: hard

"@img/sharp-libvips-linux-x64@npm:1.0.4":
  version: 1.0.4
  resolution: "@img/sharp-libvips-linux-x64@npm:1.0.4"
  conditions: os=linux & cpu=x64 & libc=glibc
  languageName: node
  linkType: hard

"@img/sharp-libvips-linuxmusl-arm64@npm:1.0.4":
  version: 1.0.4
  resolution: "@img/sharp-libvips-linuxmusl-arm64@npm:1.0.4"
  conditions: os=linux & cpu=arm64 & libc=musl
  languageName: node
  linkType: hard

"@img/sharp-libvips-linuxmusl-x64@npm:1.0.4":
  version: 1.0.4
  resolution: "@img/sharp-libvips-linuxmusl-x64@npm:1.0.4"
  conditions: os=linux & cpu=x64 & libc=musl
  languageName: node
  linkType: hard

"@img/sharp-linux-arm64@npm:0.33.5":
  version: 0.33.5
  resolution: "@img/sharp-linux-arm64@npm:0.33.5"
  dependencies:
    "@img/sharp-libvips-linux-arm64": "npm:1.0.4"
  dependenciesMeta:
    "@img/sharp-libvips-linux-arm64":
      optional: true
  conditions: os=linux & cpu=arm64 & libc=glibc
  languageName: node
  linkType: hard

"@img/sharp-linux-arm@npm:0.33.5":
  version: 0.33.5
  resolution: "@img/sharp-linux-arm@npm:0.33.5"
  dependencies:
    "@img/sharp-libvips-linux-arm": "npm:1.0.5"
  dependenciesMeta:
    "@img/sharp-libvips-linux-arm":
      optional: true
  conditions: os=linux & cpu=arm & libc=glibc
  languageName: node
  linkType: hard

"@img/sharp-linux-s390x@npm:0.33.5":
  version: 0.33.5
  resolution: "@img/sharp-linux-s390x@npm:0.33.5"
  dependencies:
    "@img/sharp-libvips-linux-s390x": "npm:1.0.4"
  dependenciesMeta:
    "@img/sharp-libvips-linux-s390x":
      optional: true
  conditions: os=linux & cpu=s390x & libc=glibc
  languageName: node
  linkType: hard

"@img/sharp-linux-x64@npm:0.33.5":
  version: 0.33.5
  resolution: "@img/sharp-linux-x64@npm:0.33.5"
  dependencies:
    "@img/sharp-libvips-linux-x64": "npm:1.0.4"
  dependenciesMeta:
    "@img/sharp-libvips-linux-x64":
      optional: true
  conditions: os=linux & cpu=x64 & libc=glibc
  languageName: node
  linkType: hard

"@img/sharp-linuxmusl-arm64@npm:0.33.5":
  version: 0.33.5
  resolution: "@img/sharp-linuxmusl-arm64@npm:0.33.5"
  dependencies:
    "@img/sharp-libvips-linuxmusl-arm64": "npm:1.0.4"
  dependenciesMeta:
    "@img/sharp-libvips-linuxmusl-arm64":
      optional: true
  conditions: os=linux & cpu=arm64 & libc=musl
  languageName: node
  linkType: hard

"@img/sharp-linuxmusl-x64@npm:0.33.5":
  version: 0.33.5
  resolution: "@img/sharp-linuxmusl-x64@npm:0.33.5"
  dependencies:
    "@img/sharp-libvips-linuxmusl-x64": "npm:1.0.4"
  dependenciesMeta:
    "@img/sharp-libvips-linuxmusl-x64":
      optional: true
  conditions: os=linux & cpu=x64 & libc=musl
  languageName: node
  linkType: hard

"@img/sharp-wasm32@npm:0.33.5":
  version: 0.33.5
  resolution: "@img/sharp-wasm32@npm:0.33.5"
  dependencies:
    "@emnapi/runtime": "npm:^1.2.0"
  conditions: cpu=wasm32
  languageName: node
  linkType: hard

"@img/sharp-win32-ia32@npm:0.33.5":
  version: 0.33.5
  resolution: "@img/sharp-win32-ia32@npm:0.33.5"
  conditions: os=win32 & cpu=ia32
  languageName: node
  linkType: hard

"@img/sharp-win32-x64@npm:0.33.5":
  version: 0.33.5
  resolution: "@img/sharp-win32-x64@npm:0.33.5"
  conditions: os=win32 & cpu=x64
  languageName: node
  linkType: hard

"@jridgewell/gen-mapping@npm:^0.3.5":
  version: 0.3.13
  resolution: "@jridgewell/gen-mapping@npm:0.3.13"
  dependencies:
    "@jridgewell/sourcemap-codec": "npm:^1.5.0"
    "@jridgewell/trace-mapping": "npm:^0.3.24"
  checksum: 10c0/9a7d65fb13bd9aec1fbab74cda08496839b7e2ceb31f5ab922b323e94d7c481ce0fc4fd7e12e2610915ed8af51178bdc61e168e92a8c8b8303b030b03489b13b
  languageName: node
  linkType: hard

"@jridgewell/remapping@npm:^2.3.4":
  version: 2.3.5
  resolution: "@jridgewell/remapping@npm:2.3.5"
  dependencies:
    "@jridgewell/gen-mapping": "npm:^0.3.5"
    "@jridgewell/trace-mapping": "npm:^0.3.24"
  checksum: 10c0/3de494219ffeb2c5c38711d0d7bb128097edf91893090a2dbc8ee0b55d092bb7347b1fd0f478486c5eab010e855c73927b1666f2107516d472d24a73017d1194
  languageName: node
  linkType: hard

"@jridgewell/resolve-uri@npm:^3.1.0":
  version: 3.1.2
  resolution: "@jridgewell/resolve-uri@npm:3.1.2"
  checksum: 10c0/d502e6fb516b35032331406d4e962c21fe77cdf1cbdb49c6142bcbd9e30507094b18972778a6e27cbad756209cfe34b1a27729e6fa08a2eb92b33943f680cf1e
  languageName: node
  linkType: hard

"@jridgewell/sourcemap-codec@npm:^1.4.14, @jridgewell/sourcemap-codec@npm:^1.5.0, @jridgewell/sourcemap-codec@npm:^1.5.5":
  version: 1.5.5
  resolution: "@jridgewell/sourcemap-codec@npm:1.5.5"
  checksum: 10c0/f9e538f302b63c0ebc06eecb1dd9918dd4289ed36147a0ddce35d6ea4d7ebbda243cda7b2213b6a5e1d8087a298d5cf630fb2bd39329cdecb82017023f6081a0
  languageName: node
  linkType: hard

"@jridgewell/trace-mapping@npm:^0.3.24":
  version: 0.3.31
  resolution: "@jridgewell/trace-mapping@npm:0.3.31"
  dependencies:
    "@jridgewell/resolve-uri": "npm:^3.1.0"
    "@jridgewell/sourcemap-codec": "npm:^1.4.14"
  checksum: 10c0/4b30ec8cd56c5fd9a661f088230af01e0c1a3888d11ffb6b47639700f71225be21d1f7e168048d6d4f9449207b978a235c07c8f15c07705685d16dc06280e9d9
  languageName: node
  linkType: hard

"@napi-rs/wasm-runtime@npm:^1.0.7":
  version: 1.0.7
  resolution: "@napi-rs/wasm-runtime@npm:1.0.7"
  dependencies:
    "@emnapi/core": "npm:^1.5.0"
    "@emnapi/runtime": "npm:^1.5.0"
    "@tybys/wasm-util": "npm:^0.10.1"
  checksum: 10c0/2d8635498136abb49d6dbf7395b78c63422292240963bf055f307b77aeafbde57ae2c0ceaaef215601531b36d6eb92a2cdd6f5ba90ed2aa8127c27aff9c4ae55
  languageName: node
  linkType: hard

"@next/env@npm:15.1.6":
  version: 15.1.6
  resolution: "@next/env@npm:15.1.6"
  checksum: 10c0/b68d541abe0cf5f8bab83633680c193ff1756e73b024ffb18c146502a588e038ee705c6064d9c39609a9c0097c563162a296ae43041b34e06831f5b72a215121
  languageName: node
  linkType: hard

"@next/swc-darwin-arm64@npm:15.1.6":
  version: 15.1.6
  resolution: "@next/swc-darwin-arm64@npm:15.1.6"
  conditions: os=darwin & cpu=arm64
  languageName: node
  linkType: hard

"@next/swc-darwin-x64@npm:15.1.6":
  version: 15.1.6
  resolution: "@next/swc-darwin-x64@npm:15.1.6"
  conditions: os=darwin & cpu=x64
  languageName: node
  linkType: hard

"@next/swc-linux-arm64-gnu@npm:15.1.6":
  version: 15.1.6
  resolution: "@next/swc-linux-arm64-gnu@npm:15.1.6"
  conditions: os=linux & cpu=arm64 & libc=glibc
  languageName: node
  linkType: hard

"@next/swc-linux-arm64-musl@npm:15.1.6":
  version: 15.1.6
  resolution: "@next/swc-linux-arm64-musl@npm:15.1.6"
  conditions: os=linux & cpu=arm64 & libc=musl
  languageName: node
  linkType: hard

"@next/swc-linux-x64-gnu@npm:15.1.6":
  version: 15.1.6
  resolution: "@next/swc-linux-x64-gnu@npm:15.1.6"
  conditions: os=linux & cpu=x64 & libc=glibc
  languageName: node
  linkType: hard

"@next/swc-linux-x64-musl@npm:15.1.6":
  version: 15.1.6
  resolution: "@next/swc-linux-x64-musl@npm:15.1.6"
  conditions: os=linux & cpu=x64 & libc=musl
  languageName: node
  linkType: hard

"@next/swc-win32-arm64-msvc@npm:15.1.6":
  version: 15.1.6
  resolution: "@next/swc-win32-arm64-msvc@npm:15.1.6"
  conditions: os=win32 & cpu=arm64
  languageName: node
  linkType: hard

"@next/swc-win32-x64-msvc@npm:15.1.6":
  version: 15.1.6
  resolution: "@next/swc-win32-x64-msvc@npm:15.1.6"
  conditions: os=win32 & cpu=x64
  languageName: node
  linkType: hard

"@panva/hkdf@npm:^1.0.2":
  version: 1.2.1
  resolution: "@panva/hkdf@npm:1.2.1"
  checksum: 10c0/1fabdec9bd2c19b8e88a3fa6fd0c25e25823c5000d9efdf4b6dfe32e9f370f8b9603cf776d120d160bec15fba17e079974cc34f0f52cebb24602cd832dfde19c
  languageName: node
  linkType: hard

"@sideway/address@npm:^4.1.5":
  version: 4.1.5
  resolution: "@sideway/address@npm:4.1.5"
  dependencies:
    "@hapi/hoek": "npm:^9.0.0"
  checksum: 10c0/638eb6f7e7dba209053dd6c8da74d7cc995e2b791b97644d0303a7dd3119263bcb7225a4f6804d4db2bc4f96e5a9d262975a014f58eae4d1753c27cbc96ef959
  languageName: node
  linkType: hard

"@sideway/formula@npm:^3.0.1":
  version: 3.0.1
  resolution: "@sideway/formula@npm:3.0.1"
  checksum: 10c0/3fe81fa9662efc076bf41612b060eb9b02e846ea4bea5bd114f1662b7f1541e9dedcf98aff0d24400bcb92f113964a50e0290b86e284edbdf6346fa9b7e2bf2c
  languageName: node
  linkType: hard

"@sideway/pinpoint@npm:^2.0.0":
  version: 2.0.0
  resolution: "@sideway/pinpoint@npm:2.0.0"
  checksum: 10c0/d2ca75dacaf69b8fc0bb8916a204e01def3105ee44d8be16c355e5f58189eb94039e15ce831f3d544f229889ccfa35562a0ce2516179f3a7ee1bbe0b71e55b36
  languageName: node
  linkType: hard

"@swc/counter@npm:0.1.3":
  version: 0.1.3
  resolution: "@swc/counter@npm:0.1.3"
  checksum: 10c0/8424f60f6bf8694cfd2a9bca45845bce29f26105cda8cf19cdb9fd3e78dc6338699e4db77a89ae449260bafa1cc6bec307e81e7fb96dbf7dcfce0eea55151356
  languageName: node
  linkType: hard

"@swc/helpers@npm:0.5.15":
  version: 0.5.15
  resolution: "@swc/helpers@npm:0.5.15"
  dependencies:
    tslib: "npm:^2.8.0"
  checksum: 10c0/33002f74f6f885f04c132960835fdfc474186983ea567606db62e86acd0680ca82f34647e8e610f4e1e422d1c16fce729dde22cd3b797ab1fd9061a825dabca4
  languageName: node
  linkType: hard

"@tailwindcss/node@npm:4.1.17":
  version: 4.1.17
  resolution: "@tailwindcss/node@npm:4.1.17"
  dependencies:
    "@jridgewell/remapping": "npm:^2.3.4"
    enhanced-resolve: "npm:^5.18.3"
    jiti: "npm:^2.6.1"
    lightningcss: "npm:1.30.2"
    magic-string: "npm:^0.30.21"
    source-map-js: "npm:^1.2.1"
    tailwindcss: "npm:4.1.17"
  checksum: 10c0/80b542e9b7eb09499dd14d65fd7d9544321d6bcdc00d29914396001d00e009906392cf493d20cc655dfd42769c823060cb9bf2eacacb43838a47e897634a446b
  languageName: node
  linkType: hard

"@tailwindcss/oxide-android-arm64@npm:4.1.17":
  version: 4.1.17
  resolution: "@tailwindcss/oxide-android-arm64@npm:4.1.17"
  conditions: os=android & cpu=arm64
  languageName: node
  linkType: hard

"@tailwindcss/oxide-darwin-arm64@npm:4.1.17":
  version: 4.1.17
  resolution: "@tailwindcss/oxide-darwin-arm64@npm:4.1.17"
  conditions: os=darwin & cpu=arm64
  languageName: node
  linkType: hard

"@tailwindcss/oxide-darwin-x64@npm:4.1.17":
  version: 4.1.17
  resolution: "@tailwindcss/oxide-darwin-x64@npm:4.1.17"
  conditions: os=darwin & cpu=x64
  languageName: node
  linkType: hard

"@tailwindcss/oxide-freebsd-x64@npm:4.1.17":
  version: 4.1.17
  resolution: "@tailwindcss/oxide-freebsd-x64@npm:4.1.17"
  conditions: os=freebsd & cpu=x64
  languageName: node
  linkType: hard

"@tailwindcss/oxide-linux-arm-gnueabihf@npm:4.1.17":
  version: 4.1.17
  resolution: "@tailwindcss/oxide-linux-arm-gnueabihf@npm:4.1.17"
  conditions: os=linux & cpu=arm
  languageName: node
  linkType: hard

"@tailwindcss/oxide-linux-arm64-gnu@npm:4.1.17":
  version: 4.1.17
  resolution: "@tailwindcss/oxide-linux-arm64-gnu@npm:4.1.17"
  conditions: os=linux & cpu=arm64 & libc=glibc
  languageName: node
  linkType: hard

"@tailwindcss/oxide-linux-arm64-musl@npm:4.1.17":
  version: 4.1.17
  resolution: "@tailwindcss/oxide-linux-arm64-musl@npm:4.1.17"
  conditions: os=linux & cpu=arm64 & libc=musl
  languageName: node
  linkType: hard

"@tailwindcss/oxide-linux-x64-gnu@npm:4.1.17":
  version: 4.1.17
  resolution: "@tailwindcss/oxide-linux-x64-gnu@npm:4.1.17"
  conditions: os=linux & cpu=x64 & libc=glibc
  languageName: node
  linkType: hard

"@tailwindcss/oxide-linux-x64-musl@npm:4.1.17":
  version: 4.1.17
  resolution: "@tailwindcss/oxide-linux-x64-musl@npm:4.1.17"
  conditions: os=linux & cpu=x64 & libc=musl
  languageName: node
  linkType: hard

"@tailwindcss/oxide-wasm32-wasi@npm:4.1.17":
  version: 4.1.17
  resolution: "@tailwindcss/oxide-wasm32-wasi@npm:4.1.17"
  dependencies:
    "@emnapi/core": "npm:^1.6.0"
    "@emnapi/runtime": "npm:^1.6.0"
    "@emnapi/wasi-threads": "npm:^1.1.0"
    "@napi-rs/wasm-runtime": "npm:^1.0.7"
    "@tybys/wasm-util": "npm:^0.10.1"
    tslib: "npm:^2.4.0"
  conditions: cpu=wasm32
  languageName: node
  linkType: hard

"@tailwindcss/oxide-win32-arm64-msvc@npm:4.1.17":
  version: 4.1.17
  resolution: "@tailwindcss/oxide-win32-arm64-msvc@npm:4.1.17"
  conditions: os=win32 & cpu=arm64
  languageName: node
  linkType: hard

"@tailwindcss/oxide-win32-x64-msvc@npm:4.1.17":
  version: 4.1.17
  resolution: "@tailwindcss/oxide-win32-x64-msvc@npm:4.1.17"
  conditions: os=win32 & cpu=x64
  languageName: node
  linkType: hard

"@tailwindcss/oxide@npm:4.1.17":
  version: 4.1.17
  resolution: "@tailwindcss/oxide@npm:4.1.17"
  dependencies:
    "@tailwindcss/oxide-android-arm64": "npm:4.1.17"
    "@tailwindcss/oxide-darwin-arm64": "npm:4.1.17"
    "@tailwindcss/oxide-darwin-x64": "npm:4.1.17"
    "@tailwindcss/oxide-freebsd-x64": "npm:4.1.17"
    "@tailwindcss/oxide-linux-arm-gnueabihf": "npm:4.1.17"
    "@tailwindcss/oxide-linux-arm64-gnu": "npm:4.1.17"
    "@tailwindcss/oxide-linux-arm64-musl": "npm:4.1.17"
    "@tailwindcss/oxide-linux-x64-gnu": "npm:4.1.17"
    "@tailwindcss/oxide-linux-x64-musl": "npm:4.1.17"
    "@tailwindcss/oxide-wasm32-wasi": "npm:4.1.17"
    "@tailwindcss/oxide-win32-arm64-msvc": "npm:4.1.17"
    "@tailwindcss/oxide-win32-x64-msvc": "npm:4.1.17"
  dependenciesMeta:
    "@tailwindcss/oxide-android-arm64":
      optional: true
    "@tailwindcss/oxide-darwin-arm64":
      optional: true
    "@tailwindcss/oxide-darwin-x64":
      optional: true
    "@tailwindcss/oxide-freebsd-x64":
      optional: true
    "@tailwindcss/oxide-linux-arm-gnueabihf":
      optional: true
    "@tailwindcss/oxide-linux-arm64-gnu":
      optional: true
    "@tailwindcss/oxide-linux-arm64-musl":
      optional: true
    "@tailwindcss/oxide-linux-x64-gnu":
      optional: true
    "@tailwindcss/oxide-linux-x64-musl":
      optional: true
    "@tailwindcss/oxide-wasm32-wasi":
      optional: true
    "@tailwindcss/oxide-win32-arm64-msvc":
      optional: true
    "@tailwindcss/oxide-win32-x64-msvc":
      optional: true
  checksum: 10c0/cdd292760dde90976ac5cd486600687f9ac4043d9796001b356d43bfc4d0e1972d23844fe045970afdc4b4cda8451f262db15a9da4152c26e2b696a985e3686c
  languageName: node
  linkType: hard

"@tailwindcss/postcss@npm:^4":
  version: 4.1.17
  resolution: "@tailwindcss/postcss@npm:4.1.17"
  dependencies:
    "@alloc/quick-lru": "npm:^5.2.0"
    "@tailwindcss/node": "npm:4.1.17"
    "@tailwindcss/oxide": "npm:4.1.17"
    postcss: "npm:^8.4.41"
    tailwindcss: "npm:4.1.17"
  checksum: 10c0/76094f601aadd556aad59ad13613b22b9edfda5d8fdc0724a79b8331b27dbac121c0d33b5b65f94468c01290c58f261dd1d8553dde0d261cd4d18b6110aa2242
  languageName: node
  linkType: hard

"@tybys/wasm-util@npm:^0.10.1":
  version: 0.10.1
  resolution: "@tybys/wasm-util@npm:0.10.1"
  dependencies:
    tslib: "npm:^2.4.0"
  checksum: 10c0/b255094f293794c6d2289300c5fbcafbb5532a3aed3a5ffd2f8dc1828e639b88d75f6a376dd8f94347a44813fd7a7149d8463477a9a49525c8b2dcaa38c2d1e8
  languageName: node
  linkType: hard

"babel-plugin-react-compiler@npm:1.0.0":
  version: 1.0.0
  resolution: "babel-plugin-react-compiler@npm:1.0.0"
  dependencies:
    "@babel/types": "npm:^7.26.0"
  checksum: 10c0/9406267ada8d7dbdfe8906b40ecadb816a5f4cee2922bee23f7729293b369624ee135b5a9b0f263851c263c9787522ac5d97016c9a2b82d1668300e42b18aff8
  languageName: node
  linkType: hard

"busboy@npm:1.6.0":
  version: 1.6.0
  resolution: "busboy@npm:1.6.0"
  dependencies:
    streamsearch: "npm:^1.1.0"
  checksum: 10c0/fa7e836a2b82699b6e074393428b91ae579d4f9e21f5ac468e1b459a244341d722d2d22d10920cdd849743dbece6dca11d72de939fb75a7448825cf2babfba1f
  languageName: node
  linkType: hard

"caniuse-lite@npm:^1.0.30001579":
  version: 1.0.30001754
  resolution: "caniuse-lite@npm:1.0.30001754"
  checksum: 10c0/d38709ab11abc36eea28068d241434eba925c4d3462916ccaa17a34a6227dfdeb58ab0e1eb614bab12fb393c7d527db392a0f477b48c33d70d8e466954f381ba
  languageName: node
  linkType: hard

"client-only@npm:0.0.1":
  version: 0.0.1
  resolution: "client-only@npm:0.0.1"
  checksum: 10c0/9d6cfd0c19e1c96a434605added99dff48482152af791ec4172fb912a71cff9027ff174efd8cdb2160cc7f377543e0537ffc462d4f279bc4701de3f2a3c4b358
  languageName: node
  linkType: hard

"color-convert@npm:^2.0.1":
  version: 2.0.1
  resolution: "color-convert@npm:2.0.1"
  dependencies:
    color-name: "npm:~1.1.4"
  checksum: 10c0/37e1150172f2e311fe1b2df62c6293a342ee7380da7b9cfdba67ea539909afbd74da27033208d01d6d5cfc65ee7868a22e18d7e7648e004425441c0f8a15a7d7
  languageName: node
  linkType: hard

"color-name@npm:^1.0.0, color-name@npm:~1.1.4":
  version: 1.1.4
  resolution: "color-name@npm:1.1.4"
  checksum: 10c0/a1a3f914156960902f46f7f56bc62effc6c94e84b2cae157a526b1c1f74b677a47ec602bf68a61abfa2b42d15b7c5651c6dbe72a43af720bc588dff885b10f95
  languageName: node
  linkType: hard

"color-string@npm:^1.9.0":
  version: 1.9.1
  resolution: "color-string@npm:1.9.1"
  dependencies:
    color-name: "npm:^1.0.0"
    simple-swizzle: "npm:^0.2.2"
  checksum: 10c0/b0bfd74c03b1f837f543898b512f5ea353f71630ccdd0d66f83028d1f0924a7d4272deb278b9aef376cacf1289b522ac3fb175e99895283645a2dc3a33af2404
  languageName: node
  linkType: hard

"color@npm:^4.2.3":
  version: 4.2.3
  resolution: "color@npm:4.2.3"
  dependencies:
    color-convert: "npm:^2.0.1"
    color-string: "npm:^1.9.0"
  checksum: 10c0/7fbe7cfb811054c808349de19fb380252e5e34e61d7d168ec3353e9e9aacb1802674bddc657682e4e9730c2786592a4de6f8283e7e0d3870b829bb0b7b2f6118
  languageName: node
  linkType: hard

"cookie@npm:^0.6.0":
  version: 0.6.0
  resolution: "cookie@npm:0.6.0"
  checksum: 10c0/f2318b31af7a31b4ddb4a678d024514df5e705f9be5909a192d7f116cfb6d45cbacf96a473fa733faa95050e7cff26e7832bb3ef94751592f1387b71c8956686
  languageName: node
  linkType: hard

"debug@npm:^4.3.4":
  version: 4.4.3
  resolution: "debug@npm:4.4.3"
  dependencies:
    ms: "npm:^2.1.3"
  peerDependenciesMeta:
    supports-color:
      optional: true
  checksum: 10c0/d79136ec6c83ecbefd0f6a5593da6a9c91ec4d7ddc4b54c883d6e71ec9accb5f67a1a5e96d00a328196b5b5c86d365e98d8a3a70856aaf16b4e7b1985e67f5a6
  languageName: node
  linkType: hard

"detect-libc@npm:^2.0.3":
  version: 2.1.2
  resolution: "detect-libc@npm:2.1.2"
  checksum: 10c0/acc675c29a5649fa1fb6e255f993b8ee829e510b6b56b0910666949c80c364738833417d0edb5f90e4e46be17228b0f2b66a010513984e18b15deeeac49369c4
  languageName: node
  linkType: hard

"enhanced-resolve@npm:^5.18.3":
  version: 5.18.3
  resolution: "enhanced-resolve@npm:5.18.3"
  dependencies:
    graceful-fs: "npm:^4.2.4"
    tapable: "npm:^2.2.0"
  checksum: 10c0/d413c23c2d494e4c1c9c9ac7d60b812083dc6d446699ed495e69c920988af0a3c66bf3f8d0e7a45cb1686c2d4c1df9f4e7352d973f5b56fe63d8d711dd0ccc54
  languageName: node
  linkType: hard

"graceful-fs@npm:^4.2.4":
  version: 4.2.11
  resolution: "graceful-fs@npm:4.2.11"
  checksum: 10c0/386d011a553e02bc594ac2ca0bd6d9e4c22d7fa8cfbfc448a6d148c59ea881b092db9dbe3547ae4b88e55f1b01f7c4a2ecc53b310c042793e63aa44cf6c257f2
  languageName: node
  linkType: hard

"is-arrayish@npm:^0.3.1":
  version: 0.3.4
  resolution: "is-arrayish@npm:0.3.4"
  checksum: 10c0/1fa672a2f0bedb74154440310f616c0b6e53a95cf0625522ae050f06626d1cabd1a3d8085c882dc45c61ad0e7df2529aff122810b3b4a552880bf170d6df94e0
  languageName: node
  linkType: hard

"jiti@npm:^2.6.1":
  version: 2.6.1
  resolution: "jiti@npm:2.6.1"
  bin:
    jiti: lib/jiti-cli.mjs
  checksum: 10c0/79b2e96a8e623f66c1b703b98ec1b8be4500e1d217e09b09e343471bbb9c105381b83edbb979d01cef18318cc45ce6e153571b6c83122170eefa531c64b6789b
  languageName: node
  linkType: hard

"joi@npm:^17.6.0":
  version: 17.13.3
  resolution: "joi@npm:17.13.3"
  dependencies:
    "@hapi/hoek": "npm:^9.3.0"
    "@hapi/topo": "npm:^5.1.0"
    "@sideway/address": "npm:^4.1.5"
    "@sideway/formula": "npm:^3.0.1"
    "@sideway/pinpoint": "npm:^2.0.0"
  checksum: 10c0/9262aef1da3f1bec5b03caf50c46368899fe03b8ff26cbe3d53af4584dd1049079fc97230bbf1500b6149db7cc765b9ee45f0deb24bb6fc3fa06229d7148c17f
  languageName: node
  linkType: hard

"jose@npm:^4.15.9, jose@npm:^4.9.2":
  version: 4.15.9
  resolution: "jose@npm:4.15.9"
  checksum: 10c0/4ed4ddf4a029db04bd167f2215f65d7245e4dc5f36d7ac3c0126aab38d66309a9e692f52df88975d99429e357e5fd8bab340ff20baab544d17684dd1d940a0f4
  languageName: node
  linkType: hard

"js-tokens@npm:^3.0.0 || ^4.0.0":
  version: 4.0.0
  resolution: "js-tokens@npm:4.0.0"
  checksum: 10c0/e248708d377aa058eacf2037b07ded847790e6de892bbad3dac0abba2e759cb9f121b00099a65195616badcb6eca8d14d975cb3e89eb1cfda644756402c8aeed
  languageName: node
  linkType: hard

"lightningcss-android-arm64@npm:1.30.2":
  version: 1.30.2
  resolution: "lightningcss-android-arm64@npm:1.30.2"
  conditions: os=android & cpu=arm64
  languageName: node
  linkType: hard

"lightningcss-darwin-arm64@npm:1.30.2":
  version: 1.30.2
  resolution: "lightningcss-darwin-arm64@npm:1.30.2"
  conditions: os=darwin & cpu=arm64
  languageName: node
  linkType: hard

"lightningcss-darwin-x64@npm:1.30.2":
  version: 1.30.2
  resolution: "lightningcss-darwin-x64@npm:1.30.2"
  conditions: os=darwin & cpu=x64
  languageName: node
  linkType: hard

"lightningcss-freebsd-x64@npm:1.30.2":
  version: 1.30.2
  resolution: "lightningcss-freebsd-x64@npm:1.30.2"
  conditions: os=freebsd & cpu=x64
  languageName: node
  linkType: hard

"lightningcss-linux-arm-gnueabihf@npm:1.30.2":
  version: 1.30.2
  resolution: "lightningcss-linux-arm-gnueabihf@npm:1.30.2"
  conditions: os=linux & cpu=arm
  languageName: node
  linkType: hard

"lightningcss-linux-arm64-gnu@npm:1.30.2":
  version: 1.30.2
  resolution: "lightningcss-linux-arm64-gnu@npm:1.30.2"
  conditions: os=linux & cpu=arm64 & libc=glibc
  languageName: node
  linkType: hard

"lightningcss-linux-arm64-musl@npm:1.30.2":
  version: 1.30.2
  resolution: "lightningcss-linux-arm64-musl@npm:1.30.2"
  conditions: os=linux & cpu=arm64 & libc=musl
  languageName: node
  linkType: hard

"lightningcss-linux-x64-gnu@npm:1.30.2":
  version: 1.30.2
  resolution: "lightningcss-linux-x64-gnu@npm:1.30.2"
  conditions: os=linux & cpu=x64 & libc=glibc
  languageName: node
  linkType: hard

"lightningcss-linux-x64-musl@npm:1.30.2":
  version: 1.30.2
  resolution: "lightningcss-linux-x64-musl@npm:1.30.2"
  conditions: os=linux & cpu=x64 & libc=musl
  languageName: node
  linkType: hard

"lightningcss-win32-arm64-msvc@npm:1.30.2":
  version: 1.30.2
  resolution: "lightningcss-win32-arm64-msvc@npm:1.30.2"
  conditions: os=win32 & cpu=arm64
  languageName: node
  linkType: hard

"lightningcss-win32-x64-msvc@npm:1.30.2":
  version: 1.30.2
  resolution: "lightningcss-win32-x64-msvc@npm:1.30.2"
  conditions: os=win32 & cpu=x64
  languageName: node
  linkType: hard

"lightningcss@npm:1.30.2":
  version: 1.30.2
  resolution: "lightningcss@npm:1.30.2"
  dependencies:
    detect-libc: "npm:^2.0.3"
    lightningcss-android-arm64: "npm:1.30.2"
    lightningcss-darwin-arm64: "npm:1.30.2"
    lightningcss-darwin-x64: "npm:1.30.2"
    lightningcss-freebsd-x64: "npm:1.30.2"
    lightningcss-linux-arm-gnueabihf: "npm:1.30.2"
    lightningcss-linux-arm64-gnu: "npm:1.30.2"
    lightningcss-linux-arm64-musl: "npm:1.30.2"
    lightningcss-linux-x64-gnu: "npm:1.30.2"
    lightningcss-linux-x64-musl: "npm:1.30.2"
    lightningcss-win32-arm64-msvc: "npm:1.30.2"
    lightningcss-win32-x64-msvc: "npm:1.30.2"
  dependenciesMeta:
    lightningcss-android-arm64:
      optional: true
    lightningcss-darwin-arm64:
      optional: true
    lightningcss-darwin-x64:
      optional: true
    lightningcss-freebsd-x64:
      optional: true
    lightningcss-linux-arm-gnueabihf:
      optional: true
    lightningcss-linux-arm64-gnu:
      optional: true
    lightningcss-linux-arm64-musl:
      optional: true
    lightningcss-linux-x64-gnu:
      optional: true
    lightningcss-linux-x64-musl:
      optional: true
    lightningcss-win32-arm64-msvc:
      optional: true
    lightningcss-win32-x64-msvc:
      optional: true
  checksum: 10c0/5c0c73a33946dab65908d5cd1325df4efa290efb77f940b60f40448b5ab9a87d3ea665ef9bcf00df4209705050ecf2f7ecc649f44d6dfa5905bb50f15717e78d
  languageName: node
  linkType: hard

"loose-envify@npm:^1.1.0, loose-envify@npm:^1.4.0":
  version: 1.4.0
  resolution: "loose-envify@npm:1.4.0"
  dependencies:
    js-tokens: "npm:^3.0.0 || ^4.0.0"
  bin:
    loose-envify: cli.js
  checksum: 10c0/655d110220983c1a4b9c0c679a2e8016d4b67f6e9c7b5435ff5979ecdb20d0813f4dec0a08674fcbdd4846a3f07edbb50a36811fd37930b94aaa0d9daceb017e
  languageName: node
  linkType: hard

"lru-cache@npm:^6.0.0":
  version: 6.0.0
  resolution: "lru-cache@npm:6.0.0"
  dependencies:
    yallist: "npm:^4.0.0"
  checksum: 10c0/cb53e582785c48187d7a188d3379c181b5ca2a9c78d2bce3e7dee36f32761d1c42983da3fe12b55cb74e1779fa94cdc2e5367c028a9b35317184ede0c07a30a9
  languageName: node
  linkType: hard

"magic-string@npm:^0.30.21":
  version: 0.30.21
  resolution: "magic-string@npm:0.30.21"
  dependencies:
    "@jridgewell/sourcemap-codec": "npm:^1.5.5"
  checksum: 10c0/299378e38f9a270069fc62358522ddfb44e94244baa0d6a8980ab2a9b2490a1d03b236b447eee309e17eb3bddfa482c61259d47960eb018a904f0ded52780c4a
  languageName: node
  linkType: hard

"ms@npm:^2.1.3":
  version: 2.1.3
  resolution: "ms@npm:2.1.3"
  checksum: 10c0/d924b57e7312b3b63ad21fc5b3dc0af5e78d61a1fc7cfb5457edaf26326bf62be5307cc87ffb6862ef1c2b33b0233cdb5d4f01c4c958cc0d660948b65a287a48
  languageName: node
  linkType: hard

"nanoid@npm:^3.3.11, nanoid@npm:^3.3.6":
  version: 3.3.11
  resolution: "nanoid@npm:3.3.11"
  bin:
    nanoid: bin/nanoid.cjs
  checksum: 10c0/40e7f70b3d15f725ca072dfc4f74e81fcf1fbb02e491cf58ac0c79093adc9b0a73b152bcde57df4b79cd097e13023d7504acb38404a4da7bc1cd8e887b82fe0b
  languageName: node
  linkType: hard

"next@npm:15.1.6":
  version: 15.1.6
  resolution: "next@npm:15.1.6"
  dependencies:
    "@next/env": "npm:15.1.6"
    "@next/swc-darwin-arm64": "npm:15.1.6"
    "@next/swc-darwin-x64": "npm:15.1.6"
    "@next/swc-linux-arm64-gnu": "npm:15.1.6"
    "@next/swc-linux-arm64-musl": "npm:15.1.6"
    "@next/swc-linux-x64-gnu": "npm:15.1.6"
    "@next/swc-linux-x64-musl": "npm:15.1.6"
    "@next/swc-win32-arm64-msvc": "npm:15.1.6"
    "@next/swc-win32-x64-msvc": "npm:15.1.6"
    "@swc/counter": "npm:0.1.3"
    "@swc/helpers": "npm:0.5.15"
    busboy: "npm:1.6.0"
    caniuse-lite: "npm:^1.0.30001579"
    postcss: "npm:8.4.31"
    sharp: "npm:^0.33.5"
    styled-jsx: "npm:5.1.6"
  peerDependencies:
    "@opentelemetry/api": ^1.1.0
    "@playwright/test": ^1.41.2
    babel-plugin-react-compiler: "*"
    react: ^18.2.0 || 19.0.0-rc-de68d2f4-20241204 || ^19.0.0
    react-dom: ^18.2.0 || 19.0.0-rc-de68d2f4-20241204 || ^19.0.0
    sass: ^1.3.0
  dependenciesMeta:
    "@next/swc-darwin-arm64":
      optional: true
    "@next/swc-darwin-x64":
      optional: true
    "@next/swc-linux-arm64-gnu":
      optional: true
    "@next/swc-linux-arm64-musl":
      optional: true
    "@next/swc-linux-x64-gnu":
      optional: true
    "@next/swc-linux-x64-musl":
      optional: true
    "@next/swc-win32-arm64-msvc":
      optional: true
    "@next/swc-win32-x64-msvc":
      optional: true
    sharp:
      optional: true
  peerDependenciesMeta:
    "@opentelemetry/api":
      optional: true
    "@playwright/test":
      optional: true
    babel-plugin-react-compiler:
      optional: true
    sass:
      optional: true
  bin:
    next: dist/bin/next
  checksum: 10c0/261d27589b159387700df5f40de7dee6edfc84525a090e2b29326084124fac87b033dea8b24ada2b6ade25ffc7e2169383b6e19c96ca0c33adb830f76a6d75be
  languageName: node
  linkType: hard

"oauth4webapi@npm:^2.3.0":
  version: 2.17.0
  resolution: "oauth4webapi@npm:2.17.0"
  checksum: 10c0/a3be4f07f3050c982c9f47a899cb34eb4ce1b2072818eab37f241c7db932cf0dac31ed90b0913eaaaebfd7b23e8bf397ecef249a11aea699efb62c7657884ba5
  languageName: node
  linkType: hard

"object-assign@npm:^4.1.1":
  version: 4.1.1
  resolution: "object-assign@npm:4.1.1"
  checksum: 10c0/1f4df9945120325d041ccf7b86f31e8bcc14e73d29171e37a7903050e96b81323784ec59f93f102ec635bcf6fa8034ba3ea0a8c7e69fa202b87ae3b6cec5a414
  languageName: node
  linkType: hard

"object-hash@npm:^2.2.0":
  version: 2.2.0
  resolution: "object-hash@npm:2.2.0"
  checksum: 10c0/1527de843926c5442ed61f8bdddfc7dc181b6497f725b0e89fcf50a55d9c803088763ed447cac85a5aa65345f1e99c2469ba679a54349ef3c4c0aeaa396a3eb9
  languageName: node
  linkType: hard

"oidc-token-hash@npm:^5.0.3":
  version: 5.2.0
  resolution: "oidc-token-hash@npm:5.2.0"
  checksum: 10c0/4fa9a6f0a27c0b304aa2e4a37e433e871fb2e71418b62ada7305022ed7c70a4b325a81a4ee9661bf0c456cda0acdbeb564e68659bd6fe6a192b20bdec11688ea
  languageName: node
  linkType: hard

"openid-client@npm:^5.2.1":
  version: 5.7.1
  resolution: "openid-client@npm:5.7.1"
  dependencies:
    jose: "npm:^4.15.9"
    lru-cache: "npm:^6.0.0"
    object-hash: "npm:^2.2.0"
    oidc-token-hash: "npm:^5.0.3"
  checksum: 10c0/6aae649758562002eace7574b6eda02be7eddbb0df61eef497ae98b7a4a0ae4c6b09f3f0c1b9b6cb7fcc0c70bbde2576691bf31b870db1f19ab634c1def10bc7
  languageName: node
  linkType: hard

"picocolors@npm:^1.0.0, picocolors@npm:^1.1.1":
  version: 1.1.1
  resolution: "picocolors@npm:1.1.1"
  checksum: 10c0/e2e3e8170ab9d7c7421969adaa7e1b31434f789afb9b3f115f6b96d91945041ac3ceb02e9ec6fe6510ff036bcc0bf91e69a1772edc0b707e12b19c0f2d6bcf58
  languageName: node
  linkType: hard

"postcss@npm:8.4.31":
  version: 8.4.31
  resolution: "postcss@npm:8.4.31"
  dependencies:
    nanoid: "npm:^3.3.6"
    picocolors: "npm:^1.0.0"
    source-map-js: "npm:^1.0.2"
  checksum: 10c0/748b82e6e5fc34034dcf2ae88ea3d11fd09f69b6c50ecdd3b4a875cfc7cdca435c958b211e2cb52355422ab6fccb7d8f2f2923161d7a1b281029e4a913d59acf
  languageName: node
  linkType: hard

"postcss@npm:^8.4.41":
  version: 8.5.6
  resolution: "postcss@npm:8.5.6"
  dependencies:
    nanoid: "npm:^3.3.11"
    picocolors: "npm:^1.1.1"
    source-map-js: "npm:^1.2.1"
  checksum: 10c0/5127cc7c91ed7a133a1b7318012d8bfa112da9ef092dddf369ae699a1f10ebbd89b1b9f25f3228795b84585c72aabd5ced5fc11f2ba467eedf7b081a66fad024
  languageName: node
  linkType: hard

"prop-types@npm:^15.8.1":
  version: 15.8.1
  resolution: "prop-types@npm:15.8.1"
  dependencies:
    loose-envify: "npm:^1.4.0"
    object-assign: "npm:^4.1.1"
    react-is: "npm:^16.13.1"
  checksum: 10c0/59ece7ca2fb9838031d73a48d4becb9a7cc1ed10e610517c7d8f19a1e02fa47f7c27d557d8a5702bec3cfeccddc853579832b43f449e54635803f277b1c78077
  languageName: node
  linkType: hard

"react-animated-weather@npm:^4.0.1":
  version: 4.0.1
  resolution: "react-animated-weather@npm:4.0.1"
  peerDependencies:
    prop-types: "*"
    react: "*"
    react-dom: "*"
  checksum: 10c0/302c16e19e8d3b7d82ea3bdc99a2250870a3566d5e739fc21afe0bce62872dcf73ae9774edfcf570c3ab4dc86c63e362902e32e90a3ddf691c9efc2b3ae08b9d
  languageName: node
  linkType: hard

"react-dom@npm:18.3.1":
  version: 18.3.1
  resolution: "react-dom@npm:18.3.1"
  dependencies:
    loose-envify: "npm:^1.1.0"
    scheduler: "npm:^0.23.2"
  peerDependencies:
    react: ^18.3.1
  checksum: 10c0/a752496c1941f958f2e8ac56239172296fcddce1365ce45222d04a1947e0cc5547df3e8447f855a81d6d39f008d7c32eab43db3712077f09e3f67c4874973e85
  languageName: node
  linkType: hard

"react-icons@npm:^5.5.0":
  version: 5.5.0
  resolution: "react-icons@npm:5.5.0"
  peerDependencies:
    react: "*"
  checksum: 10c0/a24309bfc993c19cbcbfc928157e53a137851822779977b9588f6dd41ffc4d11ebc98b447f4039b0d309a858f0a42980f6bfb4477fb19f9f2d1bc2e190fcf79c
  languageName: node
  linkType: hard

"react-is@npm:^16.13.1":
  version: 16.13.1
  resolution: "react-is@npm:16.13.1"
  checksum: 10c0/33977da7a5f1a287936a0c85639fec6ca74f4f15ef1e59a6bc20338fc73dc69555381e211f7a3529b8150a1f71e4225525b41b60b52965bda53ce7d47377ada1
  languageName: node
  linkType: hard

"react@npm:18.3.1":
  version: 18.3.1
  resolution: "react@npm:18.3.1"
  dependencies:
    loose-envify: "npm:^1.1.0"
  checksum: 10c0/283e8c5efcf37802c9d1ce767f302dd569dd97a70d9bb8c7be79a789b9902451e0d16334b05d73299b20f048cbc3c7d288bbbde10b701fa194e2089c237dbea3
  languageName: node
  linkType: hard

"scheduler@npm:^0.23.2":
  version: 0.23.2
  resolution: "scheduler@npm:0.23.2"
  dependencies:
    loose-envify: "npm:^1.1.0"
  checksum: 10c0/26383305e249651d4c58e6705d5f8425f153211aef95f15161c151f7b8de885f24751b377e4a0b3dd42cce09aad3f87a61dab7636859c0d89b7daf1a1e2a5c78
  languageName: node
  linkType: hard

"semver@npm:^7.6.3":
  version: 7.7.3
  resolution: "semver@npm:7.7.3"
  bin:
    semver: bin/semver.js
  checksum: 10c0/4afe5c986567db82f44c8c6faef8fe9df2a9b1d98098fc1721f57c696c4c21cebd572f297fc21002f81889492345b8470473bc6f4aff5fb032a6ea59ea2bc45e
  languageName: node
  linkType: hard

"sharp@npm:^0.33.5":
  version: 0.33.5
  resolution: "sharp@npm:0.33.5"
  dependencies:
    "@img/sharp-darwin-arm64": "npm:0.33.5"
    "@img/sharp-darwin-x64": "npm:0.33.5"
    "@img/sharp-libvips-darwin-arm64": "npm:1.0.4"
    "@img/sharp-libvips-darwin-x64": "npm:1.0.4"
    "@img/sharp-libvips-linux-arm": "npm:1.0.5"
    "@img/sharp-libvips-linux-arm64": "npm:1.0.4"
    "@img/sharp-libvips-linux-s390x": "npm:1.0.4"
    "@img/sharp-libvips-linux-x64": "npm:1.0.4"
    "@img/sharp-libvips-linuxmusl-arm64": "npm:1.0.4"
    "@img/sharp-libvips-linuxmusl-x64": "npm:1.0.4"
    "@img/sharp-linux-arm": "npm:0.33.5"
    "@img/sharp-linux-arm64": "npm:0.33.5"
    "@img/sharp-linux-s390x": "npm:0.33.5"
    "@img/sharp-linux-x64": "npm:0.33.5"
    "@img/sharp-linuxmusl-arm64": "npm:0.33.5"
    "@img/sharp-linuxmusl-x64": "npm:0.33.5"
    "@img/sharp-wasm32": "npm:0.33.5"
    "@img/sharp-win32-ia32": "npm:0.33.5"
    "@img/sharp-win32-x64": "npm:0.33.5"
    color: "npm:^4.2.3"
    detect-libc: "npm:^2.0.3"
    semver: "npm:^7.6.3"
  dependenciesMeta:
    "@img/sharp-darwin-arm64":
      optional: true
    "@img/sharp-darwin-x64":
      optional: true
    "@img/sharp-libvips-darwin-arm64":
      optional: true
    "@img/sharp-libvips-darwin-x64":
      optional: true
    "@img/sharp-libvips-linux-arm":
      optional: true
    "@img/sharp-libvips-linux-arm64":
      optional: true
    "@img/sharp-libvips-linux-s390x":
      optional: true
    "@img/sharp-libvips-linux-x64":
      optional: true
    "@img/sharp-libvips-linuxmusl-arm64":
      optional: true
    "@img/sharp-libvips-linuxmusl-x64":
      optional: true
    "@img/sharp-linux-arm":
      optional: true
    "@img/sharp-linux-arm64":
      optional: true
    "@img/sharp-linux-s390x":
      optional: true
    "@img/sharp-linux-x64":
      optional: true
    "@img/sharp-linuxmusl-arm64":
      optional: true
    "@img/sharp-linuxmusl-x64":
      optional: true
    "@img/sharp-wasm32":
      optional: true
    "@img/sharp-win32-ia32":
      optional: true
    "@img/sharp-win32-x64":
      optional: true
  checksum: 10c0/6b81421ddfe6ee524d8d77e325c5e147fef22884e1c7b1656dfd89a88d7025894115da02d5f984261bf2e6daa16f98cadd1721c4ba408b4212b1d2a60f233484
  languageName: node
  linkType: hard

"simple-swizzle@npm:^0.2.2":
  version: 0.2.4
  resolution: "simple-swizzle@npm:0.2.4"
  dependencies:
    is-arrayish: "npm:^0.3.1"
  checksum: 10c0/846c3fdd1325318d5c71295cfbb99bfc9edc4c8dffdda5e6e9efe30482bbcd32cf360fc2806f46ac43ff7d09bcfaff20337bb79f826f0e6a8e366efd3cdd7868
  languageName: node
  linkType: hard

"source-map-js@npm:^1.0.2, source-map-js@npm:^1.2.1":
  version: 1.2.1
  resolution: "source-map-js@npm:1.2.1"
  checksum: 10c0/7bda1fc4c197e3c6ff17de1b8b2c20e60af81b63a52cb32ec5a5d67a20a7d42651e2cb34ebe93833c5a2a084377e17455854fee3e21e7925c64a51b6a52b0faf
  languageName: node
  linkType: hard

"streamsearch@npm:^1.1.0":
  version: 1.1.0
  resolution: "streamsearch@npm:1.1.0"
  checksum: 10c0/fbd9aecc2621364384d157f7e59426f4bfd385e8b424b5aaa79c83a6f5a1c8fd2e4e3289e95de1eb3511cb96bb333d6281a9919fafce760e4edb35b2cd2facab
  languageName: node
  linkType: hard

"styled-jsx@npm:5.1.6":
  version: 5.1.6
  resolution: "styled-jsx@npm:5.1.6"
  dependencies:
    client-only: "npm:0.0.1"
  peerDependencies:
    react: ">= 16.8.0 || 17.x.x || ^18.0.0-0 || ^19.0.0-0"
  peerDependenciesMeta:
    "@babel/core":
      optional: true
    babel-plugin-macros:
      optional: true
  checksum: 10c0/ace50e7ea5ae5ae6a3b65a50994c51fca6ae7df9c7ecfd0104c36be0b4b3a9c5c1a2374d16e2a11e256d0b20be6d47256d768ecb4f91ab390f60752a075780f5
  languageName: node
  linkType: hard

"tailwindcss@npm:4.1.17, tailwindcss@npm:^4":
  version: 4.1.17
  resolution: "tailwindcss@npm:4.1.17"
  checksum: 10c0/1fecf618ba9895e068e5a6d842b978f56a815bc849a28338cebbcb07b13df763715c2f8848def938403c73d59f08ffff33a4b83a977a9e38fa56adc60d1d56c8
  languageName: node
  linkType: hard

"tapable@npm:^2.2.0":
  version: 2.3.0
  resolution: "tapable@npm:2.3.0"
  checksum: 10c0/cb9d67cc2c6a74dedc812ef3085d9d681edd2c1fa18e4aef57a3c0605fdbe44e6b8ea00bd9ef21bc74dd45314e39d31227aa031ebf2f5e38164df514136f2681
  languageName: node
  linkType: hard

"tslib@npm:^2.4.0, tslib@npm:^2.8.0":
  version: 2.8.1
  resolution: "tslib@npm:2.8.1"
  checksum: 10c0/9c4759110a19c53f992d9aae23aac5ced636e99887b51b9e61def52611732872ff7668757d4e4c61f19691e36f4da981cd9485e869b4a7408d689f6bf1f14e62
  languageName: node
  linkType: hard

"url-join@npm:^4.0.1":
  version: 4.0.1
  resolution: "url-join@npm:4.0.1"
  checksum: 10c0/ac65e2c7c562d7b49b68edddcf55385d3e922bc1dd5d90419ea40b53b6de1607d1e45ceb71efb9d60da02c681d13c6cb3a1aa8b13fc0c989dfc219df97ee992d
  languageName: node
  linkType: hard

"weather-app@workspace:.":
  version: 0.0.0-use.local
  resolution: "weather-app@workspace:."
  dependencies:
    "@auth0/nextjs-auth0": "npm:3.5.0"
    "@fortawesome/fontawesome-svg-core": "npm:^7.1.0"
    "@fortawesome/free-solid-svg-icons": "npm:^7.1.0"
    "@fortawesome/react-fontawesome": "npm:^3.1.0"
    "@tailwindcss/postcss": "npm:^4"
    babel-plugin-react-compiler: "npm:1.0.0"
    next: "npm:15.1.6"
    prop-types: "npm:^15.8.1"
    react: "npm:18.3.1"
    react-animated-weather: "npm:^4.0.1"
    react-dom: "npm:18.3.1"
    react-icons: "npm:^5.5.0"
    tailwindcss: "npm:^4"
  languageName: unknown
  linkType: soft

"yallist@npm:^4.0.0":
  version: 4.0.0
  resolution: "yallist@npm:4.0.0"
  checksum: 10c0/2286b5e8dbfe22204ab66e2ef5cc9bbb1e55dfc873bbe0d568aa943eb255d131890dfd5bf243637273d31119b870f49c18fcde2c6ffbb7a7a092b870dc90625a
  languageName: node
  linkType: hard
